
Microsoft Visual Studio Solution File, Format Version 12.00
# Visual Studio Version 16
VisualStudioVersion = 16.0.29102.190
MinimumVisualStudioVersion = 10.0.40219.1
Project("{FAE04EC0-301F-11D3-BF4B-00C04F79EFBC}") = "GridViewDbAcesso", "GridViewDbAcesso.csproj", "{A9D1A891-0949-4C1A-8CE6-7E88356F05C6}"
EndProject
Global
	GlobalSection(SolutionConfigurationPlatforms) = preSolution
		Debug|Any CPU = Debug|Any CPU
		Release|Any CPU = Release|Any CPU
	EndGlobalSection
	GlobalSection(ProjectConfigurationPlatforms) = postSolution
		{A9D1A891-0949-4C1A-8CE6-7E88356F05C6}.Debug|Any CPU.ActiveCfg = Debug|Any CPU
		{A9D1A891-0949-4C1A-8CE6-7E88356F05C6}.Debug|Any CPU.Build.0 = Debug|Any CPU
		{A9D1A891-0949-4C1A-8CE6-7E88356F05C6}.Release|Any CPU.ActiveCfg = Release|Any CPU
		{A9D1A891-0949-4C1A-8CE6-7E88356F05C6}.Release|Any CPU.Build.0 = Release|Any CPU
	EndGlobalSection
	GlobalSection(SolutionProperties) = preSolution
		HideSolutionNode = FALSE
	EndGlobalSection
	GlobalSection(ExtensibilityGlobals) = postSolution
		SolutionGuid = {A5F3FD70-ADA3-402E-933F-DD02D8DBBE31}
	EndGlobalSection
EndGlobal
