
Microsoft Visual Studio Solution File, Format Version 12.00
# Visual Studio Version 16
VisualStudioVersion = 16.0.29102.190
MinimumVisualStudioVersion = 10.0.40219.1
Project("{FAE04EC0-301F-11D3-BF4B-00C04F79EFBC}") = "MostrarJoinhaClass", "MostrarJoinhaClass.csproj", "{1734DE3F-7FE6-4C31-AFF3-562C3CBE7BF3}"
EndProject
Project("{FAE04EC0-301F-11D3-BF4B-00C04F79EFBC}") = "UsandoBibliotecaJoinhaCalss", "..\UsandoBibliotecaJoinhaCalss\UsandoBibliotecaJoinhaCalss.csproj", "{278FD851-C6FE-40C6-A79E-4C66BF3E0905}"
EndProject
Global
	GlobalSection(SolutionConfigurationPlatforms) = preSolution
		Debug|Any CPU = Debug|Any CPU
		Release|Any CPU = Release|Any CPU
	EndGlobalSection
	GlobalSection(ProjectConfigurationPlatforms) = postSolution
		{1734DE3F-7FE6-4C31-AFF3-562C3CBE7BF3}.Debug|Any CPU.ActiveCfg = Debug|Any CPU
		{1734DE3F-7FE6-4C31-AFF3-562C3CBE7BF3}.Debug|Any CPU.Build.0 = Debug|Any CPU
		{1734DE3F-7FE6-4C31-AFF3-562C3CBE7BF3}.Release|Any CPU.ActiveCfg = Release|Any CPU
		{1734DE3F-7FE6-4C31-AFF3-562C3CBE7BF3}.Release|Any CPU.Build.0 = Release|Any CPU
		{278FD851-C6FE-40C6-A79E-4C66BF3E0905}.Debug|Any CPU.ActiveCfg = Debug|Any CPU
		{278FD851-C6FE-40C6-A79E-4C66BF3E0905}.Debug|Any CPU.Build.0 = Debug|Any CPU
		{278FD851-C6FE-40C6-A79E-4C66BF3E0905}.Release|Any CPU.ActiveCfg = Release|Any CPU
		{278FD851-C6FE-40C6-A79E-4C66BF3E0905}.Release|Any CPU.Build.0 = Release|Any CPU
	EndGlobalSection
	GlobalSection(SolutionProperties) = preSolution
		HideSolutionNode = FALSE
	EndGlobalSection
	GlobalSection(ExtensibilityGlobals) = postSolution
		SolutionGuid = {2A9A27F5-37B7-4C2D-AA9E-51118BBB58A9}
	EndGlobalSection
EndGlobal
