
Microsoft Visual Studio Solution File, Format Version 12.00
# Visual Studio Version 16
VisualStudioVersion = 16.0.29020.237
MinimumVisualStudioVersion = 10.0.40219.1
Project("{FAE04EC0-301F-11D3-BF4B-00C04F79EFBC}") = "ConsoleApp2", "ConsoleApp2\ConsoleApp2.csproj", "{7566ED6C-6632-4BB1-BCD6-C8A9EDE1F1E7}"
EndProject
Global
	GlobalSection(SolutionConfigurationPlatforms) = preSolution
		Debug|Any CPU = Debug|Any CPU
		Release|Any CPU = Release|Any CPU
	EndGlobalSection
	GlobalSection(ProjectConfigurationPlatforms) = postSolution
		{7566ED6C-6632-4BB1-BCD6-C8A9EDE1F1E7}.Debug|Any CPU.ActiveCfg = Debug|Any CPU
		{7566ED6C-6632-4BB1-BCD6-C8A9EDE1F1E7}.Debug|Any CPU.Build.0 = Debug|Any CPU
		{7566ED6C-6632-4BB1-BCD6-C8A9EDE1F1E7}.Release|Any CPU.ActiveCfg = Release|Any CPU
		{7566ED6C-6632-4BB1-BCD6-C8A9EDE1F1E7}.Release|Any CPU.Build.0 = Release|Any CPU
	EndGlobalSection
	GlobalSection(SolutionProperties) = preSolution
		HideSolutionNode = FALSE
	EndGlobalSection
	GlobalSection(ExtensibilityGlobals) = postSolution
		SolutionGuid = {FF3BF4DF-E12A-4925-97BD-DEC1AE2DB295}
	EndGlobalSection
EndGlobal
