
Microsoft Visual Studio Solution File, Format Version 12.00
# Visual Studio Version 16
VisualStudioVersion = 16.0.29102.190
MinimumVisualStudioVersion = 10.0.40219.1
Project("{FAE04EC0-301F-11D3-BF4B-00C04F79EFBC}") = "Sistema Cantina GG", "Sistema Cantina GG.csproj", "{C0028EEF-2833-4E59-A34E-CA0B150FE5D2}"
EndProject
Global
	GlobalSection(SolutionConfigurationPlatforms) = preSolution
		Debug|Any CPU = Debug|Any CPU
		Release|Any CPU = Release|Any CPU
	EndGlobalSection
	GlobalSection(ProjectConfigurationPlatforms) = postSolution
		{C0028EEF-2833-4E59-A34E-CA0B150FE5D2}.Debug|Any CPU.ActiveCfg = Debug|Any CPU
		{C0028EEF-2833-4E59-A34E-CA0B150FE5D2}.Debug|Any CPU.Build.0 = Debug|Any CPU
		{C0028EEF-2833-4E59-A34E-CA0B150FE5D2}.Release|Any CPU.ActiveCfg = Release|Any CPU
		{C0028EEF-2833-4E59-A34E-CA0B150FE5D2}.Release|Any CPU.Build.0 = Release|Any CPU
	EndGlobalSection
	GlobalSection(SolutionProperties) = preSolution
		HideSolutionNode = FALSE
	EndGlobalSection
	GlobalSection(ExtensibilityGlobals) = postSolution
		SolutionGuid = {EDA3A9DC-807F-4C49-8A7A-DDAF40209CE5}
	EndGlobalSection
EndGlobal
