
Microsoft Visual Studio Solution File, Format Version 12.00
# Visual Studio Version 16
VisualStudioVersion = 16.0.29020.237
MinimumVisualStudioVersion = 10.0.40219.1
Project("{FAE04EC0-301F-11D3-BF4B-00C04F79EFBC}") = "LojaDeBebidasOnline", "LojaDeBebidasOnline.csproj", "{EB345B44-133E-4748-B530-ADDDF3497463}"
EndProject
Global
	GlobalSection(SolutionConfigurationPlatforms) = preSolution
		Debug|Any CPU = Debug|Any CPU
		Release|Any CPU = Release|Any CPU
	EndGlobalSection
	GlobalSection(ProjectConfigurationPlatforms) = postSolution
		{EB345B44-133E-4748-B530-ADDDF3497463}.Debug|Any CPU.ActiveCfg = Debug|Any CPU
		{EB345B44-133E-4748-B530-ADDDF3497463}.Debug|Any CPU.Build.0 = Debug|Any CPU
		{EB345B44-133E-4748-B530-ADDDF3497463}.Release|Any CPU.ActiveCfg = Release|Any CPU
		{EB345B44-133E-4748-B530-ADDDF3497463}.Release|Any CPU.Build.0 = Release|Any CPU
	EndGlobalSection
	GlobalSection(SolutionProperties) = preSolution
		HideSolutionNode = FALSE
	EndGlobalSection
	GlobalSection(ExtensibilityGlobals) = postSolution
		SolutionGuid = {F4DA7E86-565F-4163-BB2D-97BF299A80CB}
	EndGlobalSection
EndGlobal
