
Microsoft Visual Studio Solution File, Format Version 12.00
# Visual Studio Version 16
VisualStudioVersion = 16.0.29102.190
MinimumVisualStudioVersion = 10.0.40219.1
Project("{FAE04EC0-301F-11D3-BF4B-00C04F79EFBC}") = "WebAppRoute", "WebAppRoute.csproj", "{A14C5E3D-00C2-4F0E-BE9B-5F37A6CB7E49}"
EndProject
Global
	GlobalSection(SolutionConfigurationPlatforms) = preSolution
		Debug|Any CPU = Debug|Any CPU
		Release|Any CPU = Release|Any CPU
	EndGlobalSection
	GlobalSection(ProjectConfigurationPlatforms) = postSolution
		{A14C5E3D-00C2-4F0E-BE9B-5F37A6CB7E49}.Debug|Any CPU.ActiveCfg = Debug|Any CPU
		{A14C5E3D-00C2-4F0E-BE9B-5F37A6CB7E49}.Debug|Any CPU.Build.0 = Debug|Any CPU
		{A14C5E3D-00C2-4F0E-BE9B-5F37A6CB7E49}.Release|Any CPU.ActiveCfg = Release|Any CPU
		{A14C5E3D-00C2-4F0E-BE9B-5F37A6CB7E49}.Release|Any CPU.Build.0 = Release|Any CPU
	EndGlobalSection
	GlobalSection(SolutionProperties) = preSolution
		HideSolutionNode = FALSE
	EndGlobalSection
	GlobalSection(ExtensibilityGlobals) = postSolution
		SolutionGuid = {92C7A449-2A58-4EB6-AC92-851D6E424EAE}
	EndGlobalSection
EndGlobal
