
Microsoft Visual Studio Solution File, Format Version 12.00
# Visual Studio Version 16
VisualStudioVersion = 16.0.29102.190
MinimumVisualStudioVersion = 10.0.40219.1
Project("{FAE04EC0-301F-11D3-BF4B-00C04F79EFBC}") = "MinhaPrimeiraBibliotecaExterna", "MinhaPrimeiraBibliotecaExterna.csproj", "{34EB9502-AD01-40A7-8749-F2EA510AAB0A}"
EndProject
Global
	GlobalSection(SolutionConfigurationPlatforms) = preSolution
		Debug|Any CPU = Debug|Any CPU
		Release|Any CPU = Release|Any CPU
	EndGlobalSection
	GlobalSection(ProjectConfigurationPlatforms) = postSolution
		{34EB9502-AD01-40A7-8749-F2EA510AAB0A}.Debug|Any CPU.ActiveCfg = Debug|Any CPU
		{34EB9502-AD01-40A7-8749-F2EA510AAB0A}.Debug|Any CPU.Build.0 = Debug|Any CPU
		{34EB9502-AD01-40A7-8749-F2EA510AAB0A}.Release|Any CPU.ActiveCfg = Release|Any CPU
		{34EB9502-AD01-40A7-8749-F2EA510AAB0A}.Release|Any CPU.Build.0 = Release|Any CPU
	EndGlobalSection
	GlobalSection(SolutionProperties) = preSolution
		HideSolutionNode = FALSE
	EndGlobalSection
	GlobalSection(ExtensibilityGlobals) = postSolution
		SolutionGuid = {239739AF-DE62-4023-BAC7-37E081E6AD5F}
	EndGlobalSection
EndGlobal
