
Microsoft Visual Studio Solution File, Format Version 12.00
# Visual Studio Version 16
VisualStudioVersion = 16.0.29102.190
MinimumVisualStudioVersion = 10.0.40219.1
Project("{FAE04EC0-301F-11D3-BF4B-00C04F79EFBC}") = "WebMvcApp", "WebMvcApp.csproj", "{5B349CA8-C3DB-4704-8D17-736EA8F7E01A}"
EndProject
Global
	GlobalSection(SolutionConfigurationPlatforms) = preSolution
		Debug|Any CPU = Debug|Any CPU
		Release|Any CPU = Release|Any CPU
	EndGlobalSection
	GlobalSection(ProjectConfigurationPlatforms) = postSolution
		{5B349CA8-C3DB-4704-8D17-736EA8F7E01A}.Debug|Any CPU.ActiveCfg = Debug|Any CPU
		{5B349CA8-C3DB-4704-8D17-736EA8F7E01A}.Debug|Any CPU.Build.0 = Debug|Any CPU
		{5B349CA8-C3DB-4704-8D17-736EA8F7E01A}.Release|Any CPU.ActiveCfg = Release|Any CPU
		{5B349CA8-C3DB-4704-8D17-736EA8F7E01A}.Release|Any CPU.Build.0 = Release|Any CPU
	EndGlobalSection
	GlobalSection(SolutionProperties) = preSolution
		HideSolutionNode = FALSE
	EndGlobalSection
	GlobalSection(ExtensibilityGlobals) = postSolution
		SolutionGuid = {9A45A261-0392-48E5-8C91-90A1B53FC1D4}
	EndGlobalSection
EndGlobal
